
Microsoft Visual Studio Solution File, Format Version 12.00
# Visual Studio Version 17
VisualStudioVersion = 17.9.34728.123
MinimumVisualStudioVersion = 10.0.40219.1
Project("{FAE04EC0-301F-11D3-BF4B-00C04F79EFBC}") = "juniorpathtaslak5", "juniorpathtaslak5\juniorpathtaslak5.csproj", "{8986F0A5-CBE8-4F3A-83A5-E8E644939CBA}"
EndProject
Global
	GlobalSection(SolutionConfigurationPlatforms) = preSolution
		Debug|Any CPU = Debug|Any CPU
		Release|Any CPU = Release|Any CPU
	EndGlobalSection
	GlobalSection(ProjectConfigurationPlatforms) = postSolution
		{8986F0A5-CBE8-4F3A-83A5-E8E644939CBA}.Debug|Any CPU.ActiveCfg = Debug|Any CPU
		{8986F0A5-CBE8-4F3A-83A5-E8E644939CBA}.Debug|Any CPU.Build.0 = Debug|Any CPU
		{8986F0A5-CBE8-4F3A-83A5-E8E644939CBA}.Release|Any CPU.ActiveCfg = Release|Any CPU
		{8986F0A5-CBE8-4F3A-83A5-E8E644939CBA}.Release|Any CPU.Build.0 = Release|Any CPU
	EndGlobalSection
	GlobalSection(SolutionProperties) = preSolution
		HideSolutionNode = FALSE
	EndGlobalSection
	GlobalSection(ExtensibilityGlobals) = postSolution
		SolutionGuid = {41C22FD0-0E74-4C10-9C4B-360778A7C0C0}
	EndGlobalSection
EndGlobal
